// !$*UTF8*$!
{
	archiveVersion = 1;
	classes = {
	};
	objectVersion = 56;
	objects = {

/* Begin PBXBuildFile section */
		FA9DB9112CF76B9100282EA1 /* sad-cat-meow.mp3 in Resources */ = {isa = PBXBuildFile; fileRef = FA9DB90F2CF76B9100282EA1 /* sad-cat-meow.mp3 */; };
		FA9DB9122CF76B9100282EA1 /* happy-cat-meow.mp3 in Resources */ = {isa = PBXBuildFile; fileRef = FA9DB9102CF76B9100282EA1 /* happy-cat-meow.mp3 */; };
		FA9DB9132CF76B9100282EA1 /* angry-cat-meow.mp3 in Resources */ = {isa = PBXBuildFile; fileRef = FA9DB90E2CF76B9100282EA1 /* angry-cat-meow.mp3 */; };
		FAA3BA962CE24CB1001D24C5 /* CachedAsyncImage.swift in Sources */ = {isa = PBXBuildFile; fileRef = FAA3BA952CE24CB1001D24C5 /* CachedAsyncImage.swift */; };
		FAA61CDF2CFA046800A9D8E4 /* ImageLoader.swift in Sources */ = {isa = PBXBuildFile; fileRef = FAA61CDE2CFA046800A9D8E4 /* ImageLoader.swift */; };
		FAAA57E42CDFAC1600D444E7 /* Cat.swift in Sources */ = {isa = PBXBuildFile; fileRef = FAAA57E32CDFAC1600D444E7 /* Cat.swift */; };
		FAAA57E62CDFAC2600D444E7 /* Breed.swift in Sources */ = {isa = PBXBuildFile; fileRef = FAAA57E52CDFAC2600D444E7 /* Breed.swift */; };
		FAAA57E82CDFAC3800D444E7 /* Weight.swift in Sources */ = {isa = PBXBuildFile; fileRef = FAAA57E72CDFAC3800D444E7 /* Weight.swift */; };
		FAAA57EA2CDFB03E00D444E7 /* MenuView.swift in Sources */ = {isa = PBXBuildFile; fileRef = FAAA57E92CDFB03E00D444E7 /* MenuView.swift */; };
		FAAA57ED2CDFC62100D444E7 /* LikedView.swift in Sources */ = {isa = PBXBuildFile; fileRef = FAAA57EC2CDFC62100D444E7 /* LikedView.swift */; };
		FAAFDA982CDD1BF9009BD2FB /* ViewModel.swift in Sources */ = {isa = PBXBuildFile; fileRef = FAAFDA972CDD1BF9009BD2FB /* ViewModel.swift */; };
		FAB7A5AB2CE3A9CD00A7C466 /* ProfileView.swift in Sources */ = {isa = PBXBuildFile; fileRef = FAB7A5AA2CE3A9CD00A7C466 /* ProfileView.swift */; };
		FABC10A42CDA5A8A00D7EFD1 /* CatTinderApp.swift in Sources */ = {isa = PBXBuildFile; fileRef = FABC10A32CDA5A8A00D7EFD1 /* CatTinderApp.swift */; };
		FABC10A62CDA5A8A00D7EFD1 /* SwipeView.swift in Sources */ = {isa = PBXBuildFile; fileRef = FABC10A52CDA5A8A00D7EFD1 /* SwipeView.swift */; };
		FABC10A82CDA5A8B00D7EFD1 /* Assets.xcassets in Resources */ = {isa = PBXBuildFile; fileRef = FABC10A72CDA5A8B00D7EFD1 /* Assets.xcassets */; };
		FABC10AB2CDA5A8B00D7EFD1 /* Preview Assets.xcassets in Resources */ = {isa = PBXBuildFile; fileRef = FABC10AA2CDA5A8B00D7EFD1 /* Preview Assets.xcassets */; };
		FABC10B22CDA5BA800D7EFD1 /* CardView.swift in Sources */ = {isa = PBXBuildFile; fileRef = FABC10B12CDA5BA800D7EFD1 /* CardView.swift */; };
		FAC11D762CF89F050071F49E /* LoginView.swift in Sources */ = {isa = PBXBuildFile; fileRef = FAC11D752CF89F050071F49E /* LoginView.swift */; };
		FAC11D792CF8A5740071F49E /* FirebaseAuth in Frameworks */ = {isa = PBXBuildFile; productRef = FAC11D782CF8A5740071F49E /* FirebaseAuth */; };
		FAC11D7B2CF8A5740071F49E /* FirebaseFirestore in Frameworks */ = {isa = PBXBuildFile; productRef = FAC11D7A2CF8A5740071F49E /* FirebaseFirestore */; };
		FAC11D7D2CF8A7E70071F49E /* GoogleService-Info.plist in Resources */ = {isa = PBXBuildFile; fileRef = FAC11D7C2CF8A7E70071F49E /* GoogleService-Info.plist */; };
/* End PBXBuildFile section */

/* Begin PBXFileReference section */
		FA9DB90E2CF76B9100282EA1 /* angry-cat-meow.mp3 */ = {isa = PBXFileReference; lastKnownFileType = audio.mp3; path = "angry-cat-meow.mp3"; sourceTree = "<group>"; };
		FA9DB90F2CF76B9100282EA1 /* sad-cat-meow.mp3 */ = {isa = PBXFileReference; lastKnownFileType = audio.mp3; path = "sad-cat-meow.mp3"; sourceTree = "<group>"; };
		FA9DB9102CF76B9100282EA1 /* happy-cat-meow.mp3 */ = {isa = PBXFileReference; lastKnownFileType = audio.mp3; path = "happy-cat-meow.mp3"; sourceTree = "<group>"; };
		FAA3BA952CE24CB1001D24C5 /* CachedAsyncImage.swift */ = {isa = PBXFileReference; lastKnownFileType = sourcecode.swift; path = CachedAsyncImage.swift; sourceTree = "<group>"; };
		FAA61CDE2CFA046800A9D8E4 /* ImageLoader.swift */ = {isa = PBXFileReference; lastKnownFileType = sourcecode.swift; path = ImageLoader.swift; sourceTree = "<group>"; };
		FAAA57E32CDFAC1600D444E7 /* Cat.swift */ = {isa = PBXFileReference; lastKnownFileType = sourcecode.swift; path = Cat.swift; sourceTree = "<group>"; };
		FAAA57E52CDFAC2600D444E7 /* Breed.swift */ = {isa = PBXFileReference; lastKnownFileType = sourcecode.swift; path = Breed.swift; sourceTree = "<group>"; };
		FAAA57E72CDFAC3800D444E7 /* Weight.swift */ = {isa = PBXFileReference; lastKnownFileType = sourcecode.swift; path = Weight.swift; sourceTree = "<group>"; };
		FAAA57E92CDFB03E00D444E7 /* MenuView.swift */ = {isa = PBXFileReference; lastKnownFileType = sourcecode.swift; path = MenuView.swift; sourceTree = "<group>"; };
		FAAA57EC2CDFC62100D444E7 /* LikedView.swift */ = {isa = PBXFileReference; lastKnownFileType = sourcecode.swift; path = LikedView.swift; sourceTree = "<group>"; };
		FAAFDA972CDD1BF9009BD2FB /* ViewModel.swift */ = {isa = PBXFileReference; lastKnownFileType = sourcecode.swift; path = ViewModel.swift; sourceTree = "<group>"; };
		FAB7A5AA2CE3A9CD00A7C466 /* ProfileView.swift */ = {isa = PBXFileReference; lastKnownFileType = sourcecode.swift; path = ProfileView.swift; sourceTree = "<group>"; };
		FABC10A02CDA5A8A00D7EFD1 /* CatTinder.app */ = {isa = PBXFileReference; explicitFileType = wrapper.application; includeInIndex = 0; path = CatTinder.app; sourceTree = BUILT_PRODUCTS_DIR; };
		FABC10A32CDA5A8A00D7EFD1 /* CatTinderApp.swift */ = {isa = PBXFileReference; lastKnownFileType = sourcecode.swift; path = CatTinderApp.swift; sourceTree = "<group>"; };
		FABC10A52CDA5A8A00D7EFD1 /* SwipeView.swift */ = {isa = PBXFileReference; lastKnownFileType = sourcecode.swift; path = SwipeView.swift; sourceTree = "<group>"; };
		FABC10A72CDA5A8B00D7EFD1 /* Assets.xcassets */ = {isa = PBXFileReference; lastKnownFileType = folder.assetcatalog; path = Assets.xcassets; sourceTree = "<group>"; };
		FABC10AA2CDA5A8B00D7EFD1 /* Preview Assets.xcassets */ = {isa = PBXFileReference; lastKnownFileType = folder.assetcatalog; path = "Preview Assets.xcassets"; sourceTree = "<group>"; };
		FABC10B12CDA5BA800D7EFD1 /* CardView.swift */ = {isa = PBXFileReference; lastKnownFileType = sourcecode.swift; path = CardView.swift; sourceTree = "<group>"; };
		FAC11D752CF89F050071F49E /* LoginView.swift */ = {isa = PBXFileReference; lastKnownFileType = sourcecode.swift; path = LoginView.swift; sourceTree = "<group>"; };
		FAC11D7C2CF8A7E70071F49E /* GoogleService-Info.plist */ = {isa = PBXFileReference; lastKnownFileType = text.plist.xml; path = "GoogleService-Info.plist"; sourceTree = "<group>"; };
/* End PBXFileReference section */

/* Begin PBXFrameworksBuildPhase section */
		FABC109D2CDA5A8A00D7EFD1 /* Frameworks */ = {
			isa = PBXFrameworksBuildPhase;
			buildActionMask = 2147483647;
			files = (
				FAC11D792CF8A5740071F49E /* FirebaseAuth in Frameworks */,
				FAC11D7B2CF8A5740071F49E /* FirebaseFirestore in Frameworks */,
			);
			runOnlyForDeploymentPostprocessing = 0;
		};
/* End PBXFrameworksBuildPhase section */

/* Begin PBXGroup section */
		FA9DB90C2CF76A5A00282EA1 /* ViewModel */ = {
			isa = PBXGroup;
			children = (
				FAAFDA972CDD1BF9009BD2FB /* ViewModel.swift */,
			);
			path = ViewModel;
			sourceTree = "<group>";
		};
		FA9DB90D2CF76B7700282EA1 /* Sounds */ = {
			isa = PBXGroup;
			children = (
				FA9DB90E2CF76B9100282EA1 /* angry-cat-meow.mp3 */,
				FA9DB90F2CF76B9100282EA1 /* sad-cat-meow.mp3 */,
				FA9DB9102CF76B9100282EA1 /* happy-cat-meow.mp3 */,
			);
			path = Sounds;
			sourceTree = "<group>";
		};
		FAAA57E22CDFABED00D444E7 /* Model */ = {
			isa = PBXGroup;
			children = (
				FAAA57E32CDFAC1600D444E7 /* Cat.swift */,
				FAAA57E52CDFAC2600D444E7 /* Breed.swift */,
				FAAA57E72CDFAC3800D444E7 /* Weight.swift */,
			);
			path = Model;
			sourceTree = "<group>";
		};
		FAAA57EB2CDFC5DF00D444E7 /* Views */ = {
			isa = PBXGroup;
			children = (
				FABC10A52CDA5A8A00D7EFD1 /* SwipeView.swift */,
				FAAA57E92CDFB03E00D444E7 /* MenuView.swift */,
				FABC10B12CDA5BA800D7EFD1 /* CardView.swift */,
				FAAA57EC2CDFC62100D444E7 /* LikedView.swift */,
				FAB7A5AA2CE3A9CD00A7C466 /* ProfileView.swift */,
				FAC11D752CF89F050071F49E /* LoginView.swift */,
			);
			path = Views;
			sourceTree = "<group>";
		};
		FABC10972CDA5A8A00D7EFD1 = {
			isa = PBXGroup;
			children = (
				FABC10A22CDA5A8A00D7EFD1 /* CatTinder */,
				FABC10A12CDA5A8A00D7EFD1 /* Products */,
			);
			sourceTree = "<group>";
		};
		FABC10A12CDA5A8A00D7EFD1 /* Products */ = {
			isa = PBXGroup;
			children = (
				FABC10A02CDA5A8A00D7EFD1 /* CatTinder.app */,
			);
			name = Products;
			sourceTree = "<group>";
		};
		FABC10A22CDA5A8A00D7EFD1 /* CatTinder */ = {
			isa = PBXGroup;
			children = (
				FA9DB90D2CF76B7700282EA1 /* Sounds */,
				FAAA57E22CDFABED00D444E7 /* Model */,
				FA9DB90C2CF76A5A00282EA1 /* ViewModel */,
				FAAA57EB2CDFC5DF00D444E7 /* Views */,
				FABC10A32CDA5A8A00D7EFD1 /* CatTinderApp.swift */,
				FAA3BA952CE24CB1001D24C5 /* CachedAsyncImage.swift */,
				FAA61CDE2CFA046800A9D8E4 /* ImageLoader.swift */,
				FABC10A72CDA5A8B00D7EFD1 /* Assets.xcassets */,
				FAC11D7C2CF8A7E70071F49E /* GoogleService-Info.plist */,
				FABC10A92CDA5A8B00D7EFD1 /* Preview Content */,
			);
			path = CatTinder;
			sourceTree = "<group>";
		};
		FABC10A92CDA5A8B00D7EFD1 /* Preview Content */ = {
			isa = PBXGroup;
			children = (
				FABC10AA2CDA5A8B00D7EFD1 /* Preview Assets.xcassets */,
			);
			path = "Preview Content";
			sourceTree = "<group>";
		};
/* End PBXGroup section */

/* Begin PBXNativeTarget section */
		FABC109F2CDA5A8A00D7EFD1 /* CatTinder */ = {
			isa = PBXNativeTarget;
			buildConfigurationList = FABC10AE2CDA5A8B00D7EFD1 /* Build configuration list for PBXNativeTarget "CatTinder" */;
			buildPhases = (
				FABC109C2CDA5A8A00D7EFD1 /* Sources */,
				FABC109D2CDA5A8A00D7EFD1 /* Frameworks */,
				FABC109E2CDA5A8A00D7EFD1 /* Resources */,
			);
			buildRules = (
			);
			dependencies = (
			);
			name = CatTinder;
			productName = CatTinder;
			productReference = FABC10A02CDA5A8A00D7EFD1 /* CatTinder.app */;
			productType = "com.apple.product-type.application";
		};
/* End PBXNativeTarget section */

/* Begin PBXProject section */
		FABC10982CDA5A8A00D7EFD1 /* Project object */ = {
			isa = PBXProject;
			attributes = {
				BuildIndependentTargetsInParallel = 1;
				LastSwiftUpdateCheck = 1540;
				LastUpgradeCheck = 1540;
				TargetAttributes = {
					FABC109F2CDA5A8A00D7EFD1 = {
						CreatedOnToolsVersion = 15.4;
					};
				};
			};
			buildConfigurationList = FABC109B2CDA5A8A00D7EFD1 /* Build configuration list for PBXProject "CatTinder" */;
			compatibilityVersion = "Xcode 14.0";
			developmentRegion = en;
			hasScannedForEncodings = 0;
			knownRegions = (
				en,
				Base,
			);
			mainGroup = FABC10972CDA5A8A00D7EFD1;
			packageReferences = (
				FAC11D772CF8A5740071F49E /* XCRemoteSwiftPackageReference "firebase-ios-sdk" */,
			);
			productRefGroup = FABC10A12CDA5A8A00D7EFD1 /* Products */;
			projectDirPath = "";
			projectRoot = "";
			targets = (
				FABC109F2CDA5A8A00D7EFD1 /* CatTinder */,
			);
		};
/* End PBXProject section */

/* Begin PBXResourcesBuildPhase section */
		FABC109E2CDA5A8A00D7EFD1 /* Resources */ = {
			isa = PBXResourcesBuildPhase;
			buildActionMask = 2147483647;
			files = (
				FABC10AB2CDA5A8B00D7EFD1 /* Preview Assets.xcassets in Resources */,
				FA9DB9112CF76B9100282EA1 /* sad-cat-meow.mp3 in Resources */,
				FA9DB9122CF76B9100282EA1 /* happy-cat-meow.mp3 in Resources */,
				FA9DB9132CF76B9100282EA1 /* angry-cat-meow.mp3 in Resources */,
				FABC10A82CDA5A8B00D7EFD1 /* Assets.xcassets in Resources */,
				FAC11D7D2CF8A7E70071F49E /* GoogleService-Info.plist in Resources */,
			);
			runOnlyForDeploymentPostprocessing = 0;
		};
/* End PBXResourcesBuildPhase section */

/* Begin PBXSourcesBuildPhase section */
		FABC109C2CDA5A8A00D7EFD1 /* Sources */ = {
			isa = PBXSourcesBuildPhase;
			buildActionMask = 2147483647;
			files = (
				FAAA57E62CDFAC2600D444E7 /* Breed.swift in Sources */,
				FAAA57EA2CDFB03E00D444E7 /* MenuView.swift in Sources */,
				FABC10A62CDA5A8A00D7EFD1 /* SwipeView.swift in Sources */,
				FABC10B22CDA5BA800D7EFD1 /* CardView.swift in Sources */,
				FAAA57E42CDFAC1600D444E7 /* Cat.swift in Sources */,
				FAAFDA982CDD1BF9009BD2FB /* ViewModel.swift in Sources */,
				FAC11D762CF89F050071F49E /* LoginView.swift in Sources */,
				FAAA57ED2CDFC62100D444E7 /* LikedView.swift in Sources */,
				FAAA57E82CDFAC3800D444E7 /* Weight.swift in Sources */,
				FABC10A42CDA5A8A00D7EFD1 /* CatTinderApp.swift in Sources */,
				FAB7A5AB2CE3A9CD00A7C466 /* ProfileView.swift in Sources */,
				FAA3BA962CE24CB1001D24C5 /* CachedAsyncImage.swift in Sources */,
				FAA61CDF2CFA046800A9D8E4 /* ImageLoader.swift in Sources */,
			);
			runOnlyForDeploymentPostprocessing = 0;
		};
/* End PBXSourcesBuildPhase section */

/* Begin XCBuildConfiguration section */
		FABC10AC2CDA5A8B00D7EFD1 /* Debug */ = {
			isa = XCBuildConfiguration;
			buildSettings = {
				ALWAYS_SEARCH_USER_PATHS = NO;
				ASSETCATALOG_COMPILER_GENERATE_SWIFT_ASSET_SYMBOL_EXTENSIONS = YES;
				CLANG_ANALYZER_NONNULL = YES;
				CLANG_ANALYZER_NUMBER_OBJECT_CONVERSION = YES_AGGRESSIVE;
				CLANG_CXX_LANGUAGE_STANDARD = "gnu++20";
				CLANG_ENABLE_MODULES = YES;
				CLANG_ENABLE_OBJC_ARC = YES;
				CLANG_ENABLE_OBJC_WEAK = YES;
				CLANG_WARN_BLOCK_CAPTURE_AUTORELEASING = YES;
				CLANG_WARN_BOOL_CONVERSION = YES;
				CLANG_WARN_COMMA = YES;
				CLANG_WARN_CONSTANT_CONVERSION = YES;
				CLANG_WARN_DEPRECATED_OBJC_IMPLEMENTATIONS = YES;
				CLANG_WARN_DIRECT_OBJC_ISA_USAGE = YES_ERROR;
				CLANG_WARN_DOCUMENTATION_COMMENTS = YES;
				CLANG_WARN_EMPTY_BODY = YES;
				CLANG_WARN_ENUM_CONVERSION = YES;
				CLANG_WARN_INFINITE_RECURSION = YES;
				CLANG_WARN_INT_CONVERSION = YES;
				CLANG_WARN_NON_LITERAL_NULL_CONVERSION = YES;
				CLANG_WARN_OBJC_IMPLICIT_RETAIN_SELF = YES;
				CLANG_WARN_OBJC_LITERAL_CONVERSION = YES;
				CLANG_WARN_OBJC_ROOT_CLASS = YES_ERROR;
				CLANG_WARN_QUOTED_INCLUDE_IN_FRAMEWORK_HEADER = YES;
				CLANG_WARN_RANGE_LOOP_ANALYSIS = YES;
				CLANG_WARN_STRICT_PROTOTYPES = YES;
				CLANG_WARN_SUSPICIOUS_MOVE = YES;
				CLANG_WARN_UNGUARDED_AVAILABILITY = YES_AGGRESSIVE;
				CLANG_WARN_UNREACHABLE_CODE = YES;
				CLANG_WARN__DUPLICATE_METHOD_MATCH = YES;
				COPY_PHASE_STRIP = NO;
				DEBUG_INFORMATION_FORMAT = dwarf;
				ENABLE_STRICT_OBJC_MSGSEND = YES;
				ENABLE_TESTABILITY = YES;
				ENABLE_USER_SCRIPT_SANDBOXING = YES;
				GCC_C_LANGUAGE_STANDARD = gnu17;
				GCC_DYNAMIC_NO_PIC = NO;
				GCC_NO_COMMON_BLOCKS = YES;
				GCC_OPTIMIZATION_LEVEL = 0;
				GCC_PREPROCESSOR_DEFINITIONS = (
					"DEBUG=1",
					"$(inherited)",
				);
				GCC_WARN_64_TO_32_BIT_CONVERSION = YES;
				GCC_WARN_ABOUT_RETURN_TYPE = YES_ERROR;
				GCC_WARN_UNDECLARED_SELECTOR = YES;
				GCC_WARN_UNINITIALIZED_AUTOS = YES_AGGRESSIVE;
				GCC_WARN_UNUSED_FUNCTION = YES;
				GCC_WARN_UNUSED_VARIABLE = YES;
				IPHONEOS_DEPLOYMENT_TARGET = 17.5;
				LOCALIZATION_PREFERS_STRING_CATALOGS = YES;
				MTL_ENABLE_DEBUG_INFO = INCLUDE_SOURCE;
				MTL_FAST_MATH = YES;
				ONLY_ACTIVE_ARCH = YES;
				SDKROOT = iphoneos;
				SWIFT_ACTIVE_COMPILATION_CONDITIONS = "DEBUG $(inherited)";
				SWIFT_OPTIMIZATION_LEVEL = "-Onone";
			};
			name = Debug;
		};
		FABC10AD2CDA5A8B00D7EFD1 /* Release */ = {
			isa = XCBuildConfiguration;
			buildSettings = {
				ALWAYS_SEARCH_USER_PATHS = NO;
				ASSETCATALOG_COMPILER_GENERATE_SWIFT_ASSET_SYMBOL_EXTENSIONS = YES;
				CLANG_ANALYZER_NONNULL = YES;
				CLANG_ANALYZER_NUMBER_OBJECT_CONVERSION = YES_AGGRESSIVE;
				CLANG_CXX_LANGUAGE_STANDARD = "gnu++20";
				CLANG_ENABLE_MODULES = YES;
				CLANG_ENABLE_OBJC_ARC = YES;
				CLANG_ENABLE_OBJC_WEAK = YES;
				CLANG_WARN_BLOCK_CAPTURE_AUTORELEASING = YES;
				CLANG_WARN_BOOL_CONVERSION = YES;
				CLANG_WARN_COMMA = YES;
				CLANG_WARN_CONSTANT_CONVERSION = YES;
				CLANG_WARN_DEPRECATED_OBJC_IMPLEMENTATIONS = YES;
				CLANG_WARN_DIRECT_OBJC_ISA_USAGE = YES_ERROR;
				CLANG_WARN_DOCUMENTATION_COMMENTS = YES;
				CLANG_WARN_EMPTY_BODY = YES;
				CLANG_WARN_ENUM_CONVERSION = YES;
				CLANG_WARN_INFINITE_RECURSION = YES;
				CLANG_WARN_INT_CONVERSION = YES;
				CLANG_WARN_NON_LITERAL_NULL_CONVERSION = YES;
				CLANG_WARN_OBJC_IMPLICIT_RETAIN_SELF = YES;
				CLANG_WARN_OBJC_LITERAL_CONVERSION = YES;
				CLANG_WARN_OBJC_ROOT_CLASS = YES_ERROR;
				CLANG_WARN_QUOTED_INCLUDE_IN_FRAMEWORK_HEADER = YES;
				CLANG_WARN_RANGE_LOOP_ANALYSIS = YES;
				CLANG_WARN_STRICT_PROTOTYPES = YES;
				CLANG_WARN_SUSPICIOUS_MOVE = YES;
				CLANG_WARN_UNGUARDED_AVAILABILITY = YES_AGGRESSIVE;
				CLANG_WARN_UNREACHABLE_CODE = YES;
				CLANG_WARN__DUPLICATE_METHOD_MATCH = YES;
				COPY_PHASE_STRIP = NO;
				DEBUG_INFORMATION_FORMAT = "dwarf-with-dsym";
				ENABLE_NS_ASSERTIONS = NO;
				ENABLE_STRICT_OBJC_MSGSEND = YES;
				ENABLE_USER_SCRIPT_SANDBOXING = YES;
				GCC_C_LANGUAGE_STANDARD = gnu17;
				GCC_NO_COMMON_BLOCKS = YES;
				GCC_WARN_64_TO_32_BIT_CONVERSION = YES;
				GCC_WARN_ABOUT_RETURN_TYPE = YES_ERROR;
				GCC_WARN_UNDECLARED_SELECTOR = YES;
				GCC_WARN_UNINITIALIZED_AUTOS = YES_AGGRESSIVE;
				GCC_WARN_UNUSED_FUNCTION = YES;
				GCC_WARN_UNUSED_VARIABLE = YES;
				IPHONEOS_DEPLOYMENT_TARGET = 17.5;
				LOCALIZATION_PREFERS_STRING_CATALOGS = YES;
				MTL_ENABLE_DEBUG_INFO = NO;
				MTL_FAST_MATH = YES;
				SDKROOT = iphoneos;
				SWIFT_COMPILATION_MODE = wholemodule;
				VALIDATE_PRODUCT = YES;
			};
			name = Release;
		};
		FABC10AF2CDA5A8B00D7EFD1 /* Debug */ = {
			isa = XCBuildConfiguration;
			buildSettings = {
				ASSETCATALOG_COMPILER_APPICON_NAME = AppIcon;
				ASSETCATALOG_COMPILER_GLOBAL_ACCENT_COLOR_NAME = AccentColor;
				CODE_SIGN_STYLE = Automatic;
				CURRENT_PROJECT_VERSION = 1;
				DEVELOPMENT_ASSET_PATHS = "\"CatTinder/Preview Content\"";
				DEVELOPMENT_TEAM = F88FRZ4F24;
				ENABLE_PREVIEWS = YES;
				GENERATE_INFOPLIST_FILE = YES;
				INFOPLIST_KEY_UIApplicationSceneManifest_Generation = YES;
				INFOPLIST_KEY_UIApplicationSupportsIndirectInputEvents = YES;
				INFOPLIST_KEY_UILaunchScreen_Generation = YES;
				INFOPLIST_KEY_UISupportedInterfaceOrientations_iPad = "UIInterfaceOrientationPortrait UIInterfaceOrientationPortraitUpsideDown UIInterfaceOrientationLandscapeLeft UIInterfaceOrientationLandscapeRight";
				INFOPLIST_KEY_UISupportedInterfaceOrientations_iPhone = "UIInterfaceOrientationPortrait UIInterfaceOrientationLandscapeLeft UIInterfaceOrientationLandscapeRight";
				LD_RUNPATH_SEARCH_PATHS = (
					"$(inherited)",
					"@executable_path/Frameworks",
				);
				MARKETING_VERSION = 1.0;
				PRODUCT_BUNDLE_IDENTIFIER = Zui.CatTinder;
				PRODUCT_NAME = "$(TARGET_NAME)";
				SWIFT_EMIT_LOC_STRINGS = YES;
				SWIFT_VERSION = 5.0;
				TARGETED_DEVICE_FAMILY = "1,2";
			};
			name = Debug;
		};
		FABC10B02CDA5A8B00D7EFD1 /* Release */ = {
			isa = XCBuildConfiguration;
			buildSettings = {
				ASSETCATALOG_COMPILER_APPICON_NAME = AppIcon;
				ASSETCATALOG_COMPILER_GLOBAL_ACCENT_COLOR_NAME = AccentColor;
				CODE_SIGN_STYLE = Automatic;
				CURRENT_PROJECT_VERSION = 1;
				DEVELOPMENT_ASSET_PATHS = "\"CatTinder/Preview Content\"";
				DEVELOPMENT_TEAM = F88FRZ4F24;
				ENABLE_PREVIEWS = YES;
				GENERATE_INFOPLIST_FILE = YES;
				INFOPLIST_KEY_UIApplicationSceneManifest_Generation = YES;
				INFOPLIST_KEY_UIApplicationSupportsIndirectInputEvents = YES;
				INFOPLIST_KEY_UILaunchScreen_Generation = YES;
				INFOPLIST_KEY_UISupportedInterfaceOrientations_iPad = "UIInterfaceOrientationPortrait UIInterfaceOrientationPortraitUpsideDown UIInterfaceOrientationLandscapeLeft UIInterfaceOrientationLandscapeRight";
				INFOPLIST_KEY_UISupportedInterfaceOrientations_iPhone = "UIInterfaceOrientationPortrait UIInterfaceOrientationLandscapeLeft UIInterfaceOrientationLandscapeRight";
				LD_RUNPATH_SEARCH_PATHS = (
					"$(inherited)",
					"@executable_path/Frameworks",
				);
				MARKETING_VERSION = 1.0;
				PRODUCT_BUNDLE_IDENTIFIER = Zui.CatTinder;
				PRODUCT_NAME = "$(TARGET_NAME)";
				SWIFT_EMIT_LOC_STRINGS = YES;
				SWIFT_VERSION = 5.0;
				TARGETED_DEVICE_FAMILY = "1,2";
			};
			name = Release;
		};
/* End XCBuildConfiguration section */

/* Begin XCConfigurationList section */
		FABC109B2CDA5A8A00D7EFD1 /* Build configuration list for PBXProject "CatTinder" */ = {
			isa = XCConfigurationList;
			buildConfigurations = (
				FABC10AC2CDA5A8B00D7EFD1 /* Debug */,
				FABC10AD2CDA5A8B00D7EFD1 /* Release */,
			);
			defaultConfigurationIsVisible = 0;
			defaultConfigurationName = Release;
		};
		FABC10AE2CDA5A8B00D7EFD1 /* Build configuration list for PBXNativeTarget "CatTinder" */ = {
			isa = XCConfigurationList;
			buildConfigurations = (
				FABC10AF2CDA5A8B00D7EFD1 /* Debug */,
				FABC10B02CDA5A8B00D7EFD1 /* Release */,
			);
			defaultConfigurationIsVisible = 0;
			defaultConfigurationName = Release;
		};
/* End XCConfigurationList section */

/* Begin XCRemoteSwiftPackageReference section */
		FAC11D772CF8A5740071F49E /* XCRemoteSwiftPackageReference "firebase-ios-sdk" */ = {
			isa = XCRemoteSwiftPackageReference;
			repositoryURL = "https://github.com/firebase/firebase-ios-sdk.git";
			requirement = {
				kind = upToNextMajorVersion;
				minimumVersion = 11.5.0;
			};
		};
/* End XCRemoteSwiftPackageReference section */

/* Begin XCSwiftPackageProductDependency section */
		FAC11D782CF8A5740071F49E /* FirebaseAuth */ = {
			isa = XCSwiftPackageProductDependency;
			package = FAC11D772CF8A5740071F49E /* XCRemoteSwiftPackageReference "firebase-ios-sdk" */;
			productName = FirebaseAuth;
		};
		FAC11D7A2CF8A5740071F49E /* FirebaseFirestore */ = {
			isa = XCSwiftPackageProductDependency;
			package = FAC11D772CF8A5740071F49E /* XCRemoteSwiftPackageReference "firebase-ios-sdk" */;
			productName = FirebaseFirestore;
		};
/* End XCSwiftPackageProductDependency section */
	};
	rootObject = FABC10982CDA5A8A00D7EFD1 /* Project object */;
}
